
Microsoft Visual Studio Solution File, Format Version 12.00
# Visual Studio Version 16
VisualStudioVersion = 16.0.810.6
MinimumVisualStudioVersion = 10.0.40219.1
Project("{2150E333-8FDC-42A3-9474-1A3956D46DE8}") = "contracts", "contracts", "{03426B5A-8063-407A-A09C-7C24860A82E7}"
EndProject
Project("{FAE04EC0-301F-11D3-BF4B-00C04F79EFBC}") = "CarrotBridgeConnector", "contracts\CarrotBridgeConnector\CarrotBridgeConnector.csproj", "{80F70A03-2D8F-4608-AF70-77F4516CF7EB}"
EndProject
Project("{FAE04EC0-301F-11D3-BF4B-00C04F79EFBC}") = "CarrotBridgeInteractor", "contracts\CarrotBridgeInteractor\CarrotBridgeInteractor.csproj", "{8A8EE202-A637-44A5-BAE8-1FDFD91DFB4E}"
EndProject
Project("{FAE04EC0-301F-11D3-BF4B-00C04F79EFBC}") = "TokenBridge", "contracts\TokenBridge\TokenBridge.csproj", "{D0780EED-7079-4298-AAA3-2F95E3A3222B}"
EndProject
Global
	GlobalSection(SolutionConfigurationPlatforms) = preSolution
		Debug|Any CPU = Debug|Any CPU
		Release|Any CPU = Release|Any CPU
	EndGlobalSection
	GlobalSection(ProjectConfigurationPlatforms) = postSolution
		{80F70A03-2D8F-4608-AF70-77F4516CF7EB}.Debug|Any CPU.ActiveCfg = Debug|Any CPU
		{80F70A03-2D8F-4608-AF70-77F4516CF7EB}.Debug|Any CPU.Build.0 = Debug|Any CPU
		{80F70A03-2D8F-4608-AF70-77F4516CF7EB}.Release|Any CPU.ActiveCfg = Release|Any CPU
		{80F70A03-2D8F-4608-AF70-77F4516CF7EB}.Release|Any CPU.Build.0 = Release|Any CPU
		{8A8EE202-A637-44A5-BAE8-1FDFD91DFB4E}.Debug|Any CPU.ActiveCfg = Debug|Any CPU
		{8A8EE202-A637-44A5-BAE8-1FDFD91DFB4E}.Debug|Any CPU.Build.0 = Debug|Any CPU
		{8A8EE202-A637-44A5-BAE8-1FDFD91DFB4E}.Release|Any CPU.ActiveCfg = Release|Any CPU
		{8A8EE202-A637-44A5-BAE8-1FDFD91DFB4E}.Release|Any CPU.Build.0 = Release|Any CPU
		{D0780EED-7079-4298-AAA3-2F95E3A3222B}.Debug|Any CPU.ActiveCfg = Debug|Any CPU
		{D0780EED-7079-4298-AAA3-2F95E3A3222B}.Debug|Any CPU.Build.0 = Debug|Any CPU
		{D0780EED-7079-4298-AAA3-2F95E3A3222B}.Release|Any CPU.ActiveCfg = Release|Any CPU
		{D0780EED-7079-4298-AAA3-2F95E3A3222B}.Release|Any CPU.Build.0 = Release|Any CPU
	EndGlobalSection
	GlobalSection(SolutionProperties) = preSolution
		HideSolutionNode = FALSE
	EndGlobalSection
	GlobalSection(ExtensibilityGlobals) = postSolution
		SolutionGuid = {27C9AC74-E339-426E-939B-B8E97AEAFFE8}
	EndGlobalSection
	GlobalSection(NestedProjects) = preSolution
		{80F70A03-2D8F-4608-AF70-77F4516CF7EB} = {03426B5A-8063-407A-A09C-7C24860A82E7}
		{8A8EE202-A637-44A5-BAE8-1FDFD91DFB4E} = {03426B5A-8063-407A-A09C-7C24860A82E7}
		{D0780EED-7079-4298-AAA3-2F95E3A3222B} = {03426B5A-8063-407A-A09C-7C24860A82E7}
	EndGlobalSection
EndGlobal
